
Microsoft Visual Studio Solution File, Format Version 12.00
# Visual Studio Version 17
VisualStudioVersion = 17.7.34018.315
MinimumVisualStudioVersion = 10.0.40219.1
Project("{FAE04EC0-301F-11D3-BF4B-00C04F79EFBC}") = "Sbeam", "Sbeam\Sbeam.csproj", "{94B3ECAB-DC1A-45DF-90BD-4F1264CD89BB}"
EndProject
Global
	GlobalSection(SolutionConfigurationPlatforms) = preSolution
		Debug|Any CPU = Debug|Any CPU
		Release|Any CPU = Release|Any CPU
	EndGlobalSection
	GlobalSection(ProjectConfigurationPlatforms) = postSolution
		{94B3ECAB-DC1A-45DF-90BD-4F1264CD89BB}.Debug|Any CPU.ActiveCfg = Debug|Any CPU
		{94B3ECAB-DC1A-45DF-90BD-4F1264CD89BB}.Debug|Any CPU.Build.0 = Debug|Any CPU
		{94B3ECAB-DC1A-45DF-90BD-4F1264CD89BB}.Release|Any CPU.ActiveCfg = Release|Any CPU
		{94B3ECAB-DC1A-45DF-90BD-4F1264CD89BB}.Release|Any CPU.Build.0 = Release|Any CPU
	EndGlobalSection
	GlobalSection(SolutionProperties) = preSolution
		HideSolutionNode = FALSE
	EndGlobalSection
	GlobalSection(ExtensibilityGlobals) = postSolution
		SolutionGuid = {7985FC8A-E2F1-4C26-B6BD-6C738DEE6DA6}
	EndGlobalSection
EndGlobal
